{
    "_meta": {
        "hash": {
            "sha256": "b6c4acd5d06876d3ff1912b7174826c02c404474c4308afa30dd439c7174bf3d"
        },
        "pipfile-spec": 6,
        "requires": {
            "python_version": "3.12"
        },
        "sources": [
            {
                "name": "pypi",
                "url": "https://pypi.org/simple",
                "verify_ssl": true
            }
        ]
    },
    "default": {
        "asgiref": {
            "hashes": [
                "sha256:3e1e3ecc849832fe52ccf2cb6686b7a55f82bb1d6aee72a58826471390335e47",
                "sha256:c343bd80a0bec947a9860adb4c432ffa7db769836c64238fc34bdc3fec84d590"
            ],
            "markers": "python_version >= '3.8'",
            "version": "==3.8.1"
        },
        "django": {
            "hashes": [
                "sha256:2c2f73c16b11cb272c6d5e3b063f0d1be06f378d8dc6005fbe8542565db659cc",
                "sha256:4496eb4f65071578b703fdc6e6f29302553c7440e3f77baf4cefa4a4e091fc3d"
            ],
            "index": "pypi",
            "markers": "python_version >= '3.8'",
            "version": "==4.0.10"
        },
        "django-jazzmin": {
            "hashes": [
                "sha256:2bfc33c4e6d59ee647930402d372692ae3514ea45940040eb7f50b481f6ef53b",
                "sha256:f7eb509b8a2e92260c2e836dc856fc9ca8888e572094201f9021d7b620bb96b2"
            ],
            "index": "pypi",
            "markers": "python_version >= '3.7'",
            "version": "==2.6.2"
        },
        "sqlparse": {
            "hashes": [
                "sha256:714d0a4932c059d16189f58ef5411ec2287a4360f17cdd0edd2d09d4c5087c93",
                "sha256:c204494cd97479d0e39f28c93d46c0b2d5959c7b9ab904762ea6c7af211c8663"
            ],
            "markers": "python_version >= '3.8'",
            "version": "==0.5.0"
        },
        "tzdata": {
            "hashes": [
                "sha256:2674120f8d891909751c38abcdfd386ac0a5a1127954fbc332af6b5ceae07efd",
                "sha256:9068bc196136463f5245e51efda838afa15aaeca9903f49050dfa2679db4d252"
            ],
            "markers": "sys_platform == 'win32'",
            "version": "==2024.1"
        }
    },
    "develop": {}
}
